
Microsoft Visual Studio Solution File, Format Version 11.00
# Visual Studio 2010
Project("{FAE04EC0-301F-11D3-BF4B-00C04F79EFBC}") = "BuildView3DScan", "BuildView3DScan\BuildView3DScan.csproj", "{E2592FBE-CA20-4B97-86A6-288A65230BF8}"
EndProject
Project("{FAE04EC0-301F-11D3-BF4B-00C04F79EFBC}") = "BuildViewMPU6050", "BuildViewMPU6050\BuildViewMPU6050\BuildViewMPU6050.csproj", "{5189A7A5-4A4F-4380-94B5-333ED27348BE}"
EndProject
Project("{FAE04EC0-301F-11D3-BF4B-00C04F79EFBC}") = "BuildViewMPU6050Content", "BuildViewMPU6050\BuildViewMPU6050Content\BuildViewMPU6050Content.contentproj", "{AA78404D-9907-4C44-B7C9-7346219AAF03}"
EndProject
Project("{FAE04EC0-301F-11D3-BF4B-00C04F79EFBC}") = "BuildViewEditor", "BuildViewEditor\BuildViewEditor.csproj", "{0C31A55F-2391-4CA1-B095-5F89F1FE0F0D}"
EndProject
Project("{FAE04EC0-301F-11D3-BF4B-00C04F79EFBC}") = "BuildViewAllInOne", "BuildViewAllInOne\BuildViewAllInOne.csproj", "{C514E3FD-1F46-4242-8971-6C6824680E84}"
EndProject
Project("{FAE04EC0-301F-11D3-BF4B-00C04F79EFBC}") = "BuildViewEditorControl", "BuildViewEditorControl\BuildViewEditorControl\BuildViewEditorControl.csproj", "{A04ED4DB-4FA3-496D-BDBC-BA32104E7678}"
EndProject
Project("{FAE04EC0-301F-11D3-BF4B-00C04F79EFBC}") = "BuildViewEditorControlContent", "BuildViewEditorControl\BuildViewEditorControlContent\BuildViewEditorControlContent.contentproj", "{DE7B0591-5014-41EC-ACF9-7AAFCAC25924}"
EndProject
Project("{8BC9CEB8-8B4A-11D0-8D11-00A0C91BC942}") = "BuildViewCloudFilter", "BuildViewCloudFilter\BuildViewCloudFilter.vcxproj", "{3A046C8B-AF62-4E91-B133-C27046F5D164}"
EndProject
Global
	GlobalSection(SolutionConfigurationPlatforms) = preSolution
		Debug|Mixed Platforms = Debug|Mixed Platforms
		Debug|Win32 = Debug|Win32
		Debug|x64 = Debug|x64
		Debug|x86 = Debug|x86
		MinSizeRel|Mixed Platforms = MinSizeRel|Mixed Platforms
		MinSizeRel|Win32 = MinSizeRel|Win32
		MinSizeRel|x64 = MinSizeRel|x64
		MinSizeRel|x86 = MinSizeRel|x86
		Release|Mixed Platforms = Release|Mixed Platforms
		Release|Win32 = Release|Win32
		Release|x64 = Release|x64
		Release|x86 = Release|x86
		RelWithDebInfo|Mixed Platforms = RelWithDebInfo|Mixed Platforms
		RelWithDebInfo|Win32 = RelWithDebInfo|Win32
		RelWithDebInfo|x64 = RelWithDebInfo|x64
		RelWithDebInfo|x86 = RelWithDebInfo|x86
	EndGlobalSection
	GlobalSection(ProjectConfigurationPlatforms) = postSolution
		{E2592FBE-CA20-4B97-86A6-288A65230BF8}.Debug|Mixed Platforms.ActiveCfg = Debug|x86
		{E2592FBE-CA20-4B97-86A6-288A65230BF8}.Debug|Mixed Platforms.Build.0 = Debug|x86
		{E2592FBE-CA20-4B97-86A6-288A65230BF8}.Debug|Win32.ActiveCfg = Debug|x86
		{E2592FBE-CA20-4B97-86A6-288A65230BF8}.Debug|x64.ActiveCfg = Debug|x86
		{E2592FBE-CA20-4B97-86A6-288A65230BF8}.Debug|x86.ActiveCfg = Debug|x86
		{E2592FBE-CA20-4B97-86A6-288A65230BF8}.Debug|x86.Build.0 = Debug|x86
		{E2592FBE-CA20-4B97-86A6-288A65230BF8}.MinSizeRel|Mixed Platforms.ActiveCfg = Release|x86
		{E2592FBE-CA20-4B97-86A6-288A65230BF8}.MinSizeRel|Mixed Platforms.Build.0 = Release|x86
		{E2592FBE-CA20-4B97-86A6-288A65230BF8}.MinSizeRel|Win32.ActiveCfg = Release|x86
		{E2592FBE-CA20-4B97-86A6-288A65230BF8}.MinSizeRel|x64.ActiveCfg = Release|x86
		{E2592FBE-CA20-4B97-86A6-288A65230BF8}.MinSizeRel|x86.ActiveCfg = Release|x86
		{E2592FBE-CA20-4B97-86A6-288A65230BF8}.MinSizeRel|x86.Build.0 = Release|x86
		{E2592FBE-CA20-4B97-86A6-288A65230BF8}.Release|Mixed Platforms.ActiveCfg = Release|x86
		{E2592FBE-CA20-4B97-86A6-288A65230BF8}.Release|Mixed Platforms.Build.0 = Release|x86
		{E2592FBE-CA20-4B97-86A6-288A65230BF8}.Release|Win32.ActiveCfg = Release|x86
		{E2592FBE-CA20-4B97-86A6-288A65230BF8}.Release|x64.ActiveCfg = Release|x86
		{E2592FBE-CA20-4B97-86A6-288A65230BF8}.Release|x86.ActiveCfg = Release|x86
		{E2592FBE-CA20-4B97-86A6-288A65230BF8}.Release|x86.Build.0 = Release|x86
		{E2592FBE-CA20-4B97-86A6-288A65230BF8}.RelWithDebInfo|Mixed Platforms.ActiveCfg = Release|x86
		{E2592FBE-CA20-4B97-86A6-288A65230BF8}.RelWithDebInfo|Mixed Platforms.Build.0 = Release|x86
		{E2592FBE-CA20-4B97-86A6-288A65230BF8}.RelWithDebInfo|Win32.ActiveCfg = Release|x86
		{E2592FBE-CA20-4B97-86A6-288A65230BF8}.RelWithDebInfo|x64.ActiveCfg = Release|x86
		{E2592FBE-CA20-4B97-86A6-288A65230BF8}.RelWithDebInfo|x86.ActiveCfg = Release|x86
		{E2592FBE-CA20-4B97-86A6-288A65230BF8}.RelWithDebInfo|x86.Build.0 = Release|x86
		{5189A7A5-4A4F-4380-94B5-333ED27348BE}.Debug|Mixed Platforms.ActiveCfg = Debug|x86
		{5189A7A5-4A4F-4380-94B5-333ED27348BE}.Debug|Mixed Platforms.Build.0 = Debug|x86
		{5189A7A5-4A4F-4380-94B5-333ED27348BE}.Debug|Win32.ActiveCfg = Debug|x86
		{5189A7A5-4A4F-4380-94B5-333ED27348BE}.Debug|x64.ActiveCfg = Debug|x86
		{5189A7A5-4A4F-4380-94B5-333ED27348BE}.Debug|x86.ActiveCfg = Debug|x86
		{5189A7A5-4A4F-4380-94B5-333ED27348BE}.Debug|x86.Build.0 = Debug|x86
		{5189A7A5-4A4F-4380-94B5-333ED27348BE}.MinSizeRel|Mixed Platforms.ActiveCfg = Release|x86
		{5189A7A5-4A4F-4380-94B5-333ED27348BE}.MinSizeRel|Mixed Platforms.Build.0 = Release|x86
		{5189A7A5-4A4F-4380-94B5-333ED27348BE}.MinSizeRel|Win32.ActiveCfg = Release|x86
		{5189A7A5-4A4F-4380-94B5-333ED27348BE}.MinSizeRel|x64.ActiveCfg = Release|x86
		{5189A7A5-4A4F-4380-94B5-333ED27348BE}.MinSizeRel|x86.ActiveCfg = Release|x86
		{5189A7A5-4A4F-4380-94B5-333ED27348BE}.MinSizeRel|x86.Build.0 = Release|x86
		{5189A7A5-4A4F-4380-94B5-333ED27348BE}.Release|Mixed Platforms.ActiveCfg = Release|x86
		{5189A7A5-4A4F-4380-94B5-333ED27348BE}.Release|Mixed Platforms.Build.0 = Release|x86
		{5189A7A5-4A4F-4380-94B5-333ED27348BE}.Release|Win32.ActiveCfg = Release|x86
		{5189A7A5-4A4F-4380-94B5-333ED27348BE}.Release|x64.ActiveCfg = Release|x86
		{5189A7A5-4A4F-4380-94B5-333ED27348BE}.Release|x86.ActiveCfg = Release|x86
		{5189A7A5-4A4F-4380-94B5-333ED27348BE}.Release|x86.Build.0 = Release|x86
		{5189A7A5-4A4F-4380-94B5-333ED27348BE}.RelWithDebInfo|Mixed Platforms.ActiveCfg = Release|x86
		{5189A7A5-4A4F-4380-94B5-333ED27348BE}.RelWithDebInfo|Mixed Platforms.Build.0 = Release|x86
		{5189A7A5-4A4F-4380-94B5-333ED27348BE}.RelWithDebInfo|Win32.ActiveCfg = Release|x86
		{5189A7A5-4A4F-4380-94B5-333ED27348BE}.RelWithDebInfo|x64.ActiveCfg = Release|x86
		{5189A7A5-4A4F-4380-94B5-333ED27348BE}.RelWithDebInfo|x86.ActiveCfg = Release|x86
		{5189A7A5-4A4F-4380-94B5-333ED27348BE}.RelWithDebInfo|x86.Build.0 = Release|x86
		{AA78404D-9907-4C44-B7C9-7346219AAF03}.Debug|Mixed Platforms.ActiveCfg = Debug|x86
		{AA78404D-9907-4C44-B7C9-7346219AAF03}.Debug|Win32.ActiveCfg = Debug|x86
		{AA78404D-9907-4C44-B7C9-7346219AAF03}.Debug|x64.ActiveCfg = Debug|x86
		{AA78404D-9907-4C44-B7C9-7346219AAF03}.Debug|x86.ActiveCfg = Debug|x86
		{AA78404D-9907-4C44-B7C9-7346219AAF03}.MinSizeRel|Mixed Platforms.ActiveCfg = Release|x86
		{AA78404D-9907-4C44-B7C9-7346219AAF03}.MinSizeRel|Win32.ActiveCfg = Release|x86
		{AA78404D-9907-4C44-B7C9-7346219AAF03}.MinSizeRel|x64.ActiveCfg = Release|x86
		{AA78404D-9907-4C44-B7C9-7346219AAF03}.MinSizeRel|x86.ActiveCfg = Release|x86
		{AA78404D-9907-4C44-B7C9-7346219AAF03}.Release|Mixed Platforms.ActiveCfg = Release|x86
		{AA78404D-9907-4C44-B7C9-7346219AAF03}.Release|Win32.ActiveCfg = Release|x86
		{AA78404D-9907-4C44-B7C9-7346219AAF03}.Release|x64.ActiveCfg = Release|x86
		{AA78404D-9907-4C44-B7C9-7346219AAF03}.Release|x86.ActiveCfg = Release|x86
		{AA78404D-9907-4C44-B7C9-7346219AAF03}.RelWithDebInfo|Mixed Platforms.ActiveCfg = Release|x86
		{AA78404D-9907-4C44-B7C9-7346219AAF03}.RelWithDebInfo|Win32.ActiveCfg = Release|x86
		{AA78404D-9907-4C44-B7C9-7346219AAF03}.RelWithDebInfo|x64.ActiveCfg = Release|x86
		{AA78404D-9907-4C44-B7C9-7346219AAF03}.RelWithDebInfo|x86.ActiveCfg = Release|x86
		{0C31A55F-2391-4CA1-B095-5F89F1FE0F0D}.Debug|Mixed Platforms.ActiveCfg = Debug|x86
		{0C31A55F-2391-4CA1-B095-5F89F1FE0F0D}.Debug|Mixed Platforms.Build.0 = Debug|x86
		{0C31A55F-2391-4CA1-B095-5F89F1FE0F0D}.Debug|Win32.ActiveCfg = Debug|x86
		{0C31A55F-2391-4CA1-B095-5F89F1FE0F0D}.Debug|x64.ActiveCfg = Debug|x86
		{0C31A55F-2391-4CA1-B095-5F89F1FE0F0D}.Debug|x86.ActiveCfg = Debug|x86
		{0C31A55F-2391-4CA1-B095-5F89F1FE0F0D}.Debug|x86.Build.0 = Debug|x86
		{0C31A55F-2391-4CA1-B095-5F89F1FE0F0D}.MinSizeRel|Mixed Platforms.ActiveCfg = Release|x86
		{0C31A55F-2391-4CA1-B095-5F89F1FE0F0D}.MinSizeRel|Mixed Platforms.Build.0 = Release|x86
		{0C31A55F-2391-4CA1-B095-5F89F1FE0F0D}.MinSizeRel|Win32.ActiveCfg = Release|x86
		{0C31A55F-2391-4CA1-B095-5F89F1FE0F0D}.MinSizeRel|x64.ActiveCfg = Release|x86
		{0C31A55F-2391-4CA1-B095-5F89F1FE0F0D}.MinSizeRel|x86.ActiveCfg = Release|x86
		{0C31A55F-2391-4CA1-B095-5F89F1FE0F0D}.MinSizeRel|x86.Build.0 = Release|x86
		{0C31A55F-2391-4CA1-B095-5F89F1FE0F0D}.Release|Mixed Platforms.ActiveCfg = Release|x86
		{0C31A55F-2391-4CA1-B095-5F89F1FE0F0D}.Release|Mixed Platforms.Build.0 = Release|x86
		{0C31A55F-2391-4CA1-B095-5F89F1FE0F0D}.Release|Win32.ActiveCfg = Release|x86
		{0C31A55F-2391-4CA1-B095-5F89F1FE0F0D}.Release|x64.ActiveCfg = Release|x86
		{0C31A55F-2391-4CA1-B095-5F89F1FE0F0D}.Release|x86.ActiveCfg = Release|x86
		{0C31A55F-2391-4CA1-B095-5F89F1FE0F0D}.Release|x86.Build.0 = Release|x86
		{0C31A55F-2391-4CA1-B095-5F89F1FE0F0D}.RelWithDebInfo|Mixed Platforms.ActiveCfg = Release|x86
		{0C31A55F-2391-4CA1-B095-5F89F1FE0F0D}.RelWithDebInfo|Mixed Platforms.Build.0 = Release|x86
		{0C31A55F-2391-4CA1-B095-5F89F1FE0F0D}.RelWithDebInfo|Win32.ActiveCfg = Release|x86
		{0C31A55F-2391-4CA1-B095-5F89F1FE0F0D}.RelWithDebInfo|x64.ActiveCfg = Release|x86
		{0C31A55F-2391-4CA1-B095-5F89F1FE0F0D}.RelWithDebInfo|x86.ActiveCfg = Release|x86
		{0C31A55F-2391-4CA1-B095-5F89F1FE0F0D}.RelWithDebInfo|x86.Build.0 = Release|x86
		{C514E3FD-1F46-4242-8971-6C6824680E84}.Debug|Mixed Platforms.ActiveCfg = Debug|x86
		{C514E3FD-1F46-4242-8971-6C6824680E84}.Debug|Mixed Platforms.Build.0 = Debug|x86
		{C514E3FD-1F46-4242-8971-6C6824680E84}.Debug|Win32.ActiveCfg = Debug|x86
		{C514E3FD-1F46-4242-8971-6C6824680E84}.Debug|x64.ActiveCfg = Debug|x86
		{C514E3FD-1F46-4242-8971-6C6824680E84}.Debug|x86.ActiveCfg = Debug|x86
		{C514E3FD-1F46-4242-8971-6C6824680E84}.Debug|x86.Build.0 = Debug|x86
		{C514E3FD-1F46-4242-8971-6C6824680E84}.MinSizeRel|Mixed Platforms.ActiveCfg = Release|x86
		{C514E3FD-1F46-4242-8971-6C6824680E84}.MinSizeRel|Mixed Platforms.Build.0 = Release|x86
		{C514E3FD-1F46-4242-8971-6C6824680E84}.MinSizeRel|Win32.ActiveCfg = Release|x86
		{C514E3FD-1F46-4242-8971-6C6824680E84}.MinSizeRel|x64.ActiveCfg = Release|x86
		{C514E3FD-1F46-4242-8971-6C6824680E84}.MinSizeRel|x86.ActiveCfg = Release|x86
		{C514E3FD-1F46-4242-8971-6C6824680E84}.MinSizeRel|x86.Build.0 = Release|x86
		{C514E3FD-1F46-4242-8971-6C6824680E84}.Release|Mixed Platforms.ActiveCfg = Release|x86
		{C514E3FD-1F46-4242-8971-6C6824680E84}.Release|Mixed Platforms.Build.0 = Release|x86
		{C514E3FD-1F46-4242-8971-6C6824680E84}.Release|Win32.ActiveCfg = Release|x86
		{C514E3FD-1F46-4242-8971-6C6824680E84}.Release|x64.ActiveCfg = Release|x86
		{C514E3FD-1F46-4242-8971-6C6824680E84}.Release|x86.ActiveCfg = Release|x86
		{C514E3FD-1F46-4242-8971-6C6824680E84}.Release|x86.Build.0 = Release|x86
		{C514E3FD-1F46-4242-8971-6C6824680E84}.RelWithDebInfo|Mixed Platforms.ActiveCfg = Release|x86
		{C514E3FD-1F46-4242-8971-6C6824680E84}.RelWithDebInfo|Mixed Platforms.Build.0 = Release|x86
		{C514E3FD-1F46-4242-8971-6C6824680E84}.RelWithDebInfo|Win32.ActiveCfg = Release|x86
		{C514E3FD-1F46-4242-8971-6C6824680E84}.RelWithDebInfo|x64.ActiveCfg = Release|x86
		{C514E3FD-1F46-4242-8971-6C6824680E84}.RelWithDebInfo|x86.ActiveCfg = Release|x86
		{C514E3FD-1F46-4242-8971-6C6824680E84}.RelWithDebInfo|x86.Build.0 = Release|x86
		{A04ED4DB-4FA3-496D-BDBC-BA32104E7678}.Debug|Mixed Platforms.ActiveCfg = Debug|x86
		{A04ED4DB-4FA3-496D-BDBC-BA32104E7678}.Debug|Mixed Platforms.Build.0 = Debug|x86
		{A04ED4DB-4FA3-496D-BDBC-BA32104E7678}.Debug|Win32.ActiveCfg = Debug|x86
		{A04ED4DB-4FA3-496D-BDBC-BA32104E7678}.Debug|x64.ActiveCfg = Debug|x86
		{A04ED4DB-4FA3-496D-BDBC-BA32104E7678}.Debug|x86.ActiveCfg = Debug|x86
		{A04ED4DB-4FA3-496D-BDBC-BA32104E7678}.Debug|x86.Build.0 = Debug|x86
		{A04ED4DB-4FA3-496D-BDBC-BA32104E7678}.MinSizeRel|Mixed Platforms.ActiveCfg = Release|x86
		{A04ED4DB-4FA3-496D-BDBC-BA32104E7678}.MinSizeRel|Mixed Platforms.Build.0 = Release|x86
		{A04ED4DB-4FA3-496D-BDBC-BA32104E7678}.MinSizeRel|Win32.ActiveCfg = Release|x86
		{A04ED4DB-4FA3-496D-BDBC-BA32104E7678}.MinSizeRel|x64.ActiveCfg = Release|x86
		{A04ED4DB-4FA3-496D-BDBC-BA32104E7678}.MinSizeRel|x86.ActiveCfg = Release|x86
		{A04ED4DB-4FA3-496D-BDBC-BA32104E7678}.MinSizeRel|x86.Build.0 = Release|x86
		{A04ED4DB-4FA3-496D-BDBC-BA32104E7678}.Release|Mixed Platforms.ActiveCfg = Release|x86
		{A04ED4DB-4FA3-496D-BDBC-BA32104E7678}.Release|Mixed Platforms.Build.0 = Release|x86
		{A04ED4DB-4FA3-496D-BDBC-BA32104E7678}.Release|Win32.ActiveCfg = Release|x86
		{A04ED4DB-4FA3-496D-BDBC-BA32104E7678}.Release|x64.ActiveCfg = Release|x86
		{A04ED4DB-4FA3-496D-BDBC-BA32104E7678}.Release|x86.ActiveCfg = Release|x86
		{A04ED4DB-4FA3-496D-BDBC-BA32104E7678}.Release|x86.Build.0 = Release|x86
		{A04ED4DB-4FA3-496D-BDBC-BA32104E7678}.RelWithDebInfo|Mixed Platforms.ActiveCfg = Release|x86
		{A04ED4DB-4FA3-496D-BDBC-BA32104E7678}.RelWithDebInfo|Mixed Platforms.Build.0 = Release|x86
		{A04ED4DB-4FA3-496D-BDBC-BA32104E7678}.RelWithDebInfo|Win32.ActiveCfg = Release|x86
		{A04ED4DB-4FA3-496D-BDBC-BA32104E7678}.RelWithDebInfo|x64.ActiveCfg = Release|x86
		{A04ED4DB-4FA3-496D-BDBC-BA32104E7678}.RelWithDebInfo|x86.ActiveCfg = Release|x86
		{A04ED4DB-4FA3-496D-BDBC-BA32104E7678}.RelWithDebInfo|x86.Build.0 = Release|x86
		{DE7B0591-5014-41EC-ACF9-7AAFCAC25924}.Debug|Mixed Platforms.ActiveCfg = Debug|x86
		{DE7B0591-5014-41EC-ACF9-7AAFCAC25924}.Debug|Win32.ActiveCfg = Debug|x86
		{DE7B0591-5014-41EC-ACF9-7AAFCAC25924}.Debug|x64.ActiveCfg = Debug|x86
		{DE7B0591-5014-41EC-ACF9-7AAFCAC25924}.Debug|x86.ActiveCfg = Debug|x86
		{DE7B0591-5014-41EC-ACF9-7AAFCAC25924}.MinSizeRel|Mixed Platforms.ActiveCfg = Release|x86
		{DE7B0591-5014-41EC-ACF9-7AAFCAC25924}.MinSizeRel|Win32.ActiveCfg = Release|x86
		{DE7B0591-5014-41EC-ACF9-7AAFCAC25924}.MinSizeRel|x64.ActiveCfg = Release|x86
		{DE7B0591-5014-41EC-ACF9-7AAFCAC25924}.MinSizeRel|x86.ActiveCfg = Release|x86
		{DE7B0591-5014-41EC-ACF9-7AAFCAC25924}.Release|Mixed Platforms.ActiveCfg = Release|x86
		{DE7B0591-5014-41EC-ACF9-7AAFCAC25924}.Release|Win32.ActiveCfg = Release|x86
		{DE7B0591-5014-41EC-ACF9-7AAFCAC25924}.Release|x64.ActiveCfg = Release|x86
		{DE7B0591-5014-41EC-ACF9-7AAFCAC25924}.Release|x86.ActiveCfg = Release|x86
		{DE7B0591-5014-41EC-ACF9-7AAFCAC25924}.RelWithDebInfo|Mixed Platforms.ActiveCfg = Release|x86
		{DE7B0591-5014-41EC-ACF9-7AAFCAC25924}.RelWithDebInfo|Win32.ActiveCfg = Release|x86
		{DE7B0591-5014-41EC-ACF9-7AAFCAC25924}.RelWithDebInfo|x64.ActiveCfg = Release|x86
		{DE7B0591-5014-41EC-ACF9-7AAFCAC25924}.RelWithDebInfo|x86.ActiveCfg = Release|x86
		{3A046C8B-AF62-4E91-B133-C27046F5D164}.Debug|Mixed Platforms.ActiveCfg = Debug|x64
		{3A046C8B-AF62-4E91-B133-C27046F5D164}.Debug|Mixed Platforms.Build.0 = Debug|x64
		{3A046C8B-AF62-4E91-B133-C27046F5D164}.Debug|Win32.ActiveCfg = Debug|Win32
		{3A046C8B-AF62-4E91-B133-C27046F5D164}.Debug|Win32.Build.0 = Debug|Win32
		{3A046C8B-AF62-4E91-B133-C27046F5D164}.Debug|x64.ActiveCfg = Debug|Win32
		{3A046C8B-AF62-4E91-B133-C27046F5D164}.Debug|x86.ActiveCfg = Debug|Win32
		{3A046C8B-AF62-4E91-B133-C27046F5D164}.MinSizeRel|Mixed Platforms.ActiveCfg = Release|Win32
		{3A046C8B-AF62-4E91-B133-C27046F5D164}.MinSizeRel|Mixed Platforms.Build.0 = Release|Win32
		{3A046C8B-AF62-4E91-B133-C27046F5D164}.MinSizeRel|Win32.ActiveCfg = Release|Win32
		{3A046C8B-AF62-4E91-B133-C27046F5D164}.MinSizeRel|Win32.Build.0 = Release|Win32
		{3A046C8B-AF62-4E91-B133-C27046F5D164}.MinSizeRel|x64.ActiveCfg = Release|Win32
		{3A046C8B-AF62-4E91-B133-C27046F5D164}.MinSizeRel|x86.ActiveCfg = Release|Win32
		{3A046C8B-AF62-4E91-B133-C27046F5D164}.Release|Mixed Platforms.ActiveCfg = Release|x64
		{3A046C8B-AF62-4E91-B133-C27046F5D164}.Release|Mixed Platforms.Build.0 = Release|x64
		{3A046C8B-AF62-4E91-B133-C27046F5D164}.Release|Win32.ActiveCfg = Release|Win32
		{3A046C8B-AF62-4E91-B133-C27046F5D164}.Release|Win32.Build.0 = Release|Win32
		{3A046C8B-AF62-4E91-B133-C27046F5D164}.Release|x64.ActiveCfg = Release|Win32
		{3A046C8B-AF62-4E91-B133-C27046F5D164}.Release|x86.ActiveCfg = Release|Win32
		{3A046C8B-AF62-4E91-B133-C27046F5D164}.RelWithDebInfo|Mixed Platforms.ActiveCfg = Release|Win32
		{3A046C8B-AF62-4E91-B133-C27046F5D164}.RelWithDebInfo|Mixed Platforms.Build.0 = Release|Win32
		{3A046C8B-AF62-4E91-B133-C27046F5D164}.RelWithDebInfo|Win32.ActiveCfg = Release|Win32
		{3A046C8B-AF62-4E91-B133-C27046F5D164}.RelWithDebInfo|Win32.Build.0 = Release|Win32
		{3A046C8B-AF62-4E91-B133-C27046F5D164}.RelWithDebInfo|x64.ActiveCfg = Release|Win32
		{3A046C8B-AF62-4E91-B133-C27046F5D164}.RelWithDebInfo|x86.ActiveCfg = Release|Win32
	EndGlobalSection
	GlobalSection(SolutionProperties) = preSolution
		HideSolutionNode = FALSE
	EndGlobalSection
EndGlobal
